
Microsoft Visual Studio Solution File, Format Version 12.00
# Visual Studio Version 17
VisualStudioVersion = 17.11.35327.3
MinimumVisualStudioVersion = 10.0.40219.1
Project("{FAE04EC0-301F-11D3-BF4B-00C04F79EFBC}") = "WinformsAssignment3_3", "WinformsAssignment3_3.csproj", "{0EBC6954-C0AE-42C1-9F3F-C902EE07EA83}"
EndProject
Global
	GlobalSection(SolutionConfigurationPlatforms) = preSolution
		Debug|Any CPU = Debug|Any CPU
		Release|Any CPU = Release|Any CPU
	EndGlobalSection
	GlobalSection(ProjectConfigurationPlatforms) = postSolution
		{0EBC6954-C0AE-42C1-9F3F-C902EE07EA83}.Debug|Any CPU.ActiveCfg = Debug|Any CPU
		{0EBC6954-C0AE-42C1-9F3F-C902EE07EA83}.Debug|Any CPU.Build.0 = Debug|Any CPU
		{0EBC6954-C0AE-42C1-9F3F-C902EE07EA83}.Release|Any CPU.ActiveCfg = Release|Any CPU
		{0EBC6954-C0AE-42C1-9F3F-C902EE07EA83}.Release|Any CPU.Build.0 = Release|Any CPU
	EndGlobalSection
	GlobalSection(SolutionProperties) = preSolution
		HideSolutionNode = FALSE
	EndGlobalSection
	GlobalSection(ExtensibilityGlobals) = postSolution
		SolutionGuid = {0264D8EB-FF3B-4DF4-94F4-37C6B34B3BA0}
	EndGlobalSection
EndGlobal
